{
  "version": 4,
  "terraform_version": "1.3.7",
  "serial": 102,
  "lineage": "b9217b56-51d5-ee36-942f-b0c3d0fecd28",
  "outputs": {
    "api": {
      "value": "https://forth-api-2yuduypxsq-uc.a.run.app",
      "type": "string"
    },
    "endpoint": {
      "value": "https://forth-fe-2yuduypxsq-uc.a.run.app",
      "type": "string"
    },
    "sqlservername": {
      "value": "forth-db-b2d7",
      "type": "string"
    }
  },
  "resources": [
    {
      "mode": "data",
      "type": "google_project",
      "name": "project",
      "provider": "provider[\"registry.terraform.io/hashicorp/google\"]",
      "instances": [
        {
          "schema_version": 0,
          "attributes": {
            "auto_create_network": null,
            "billing_account": null,
            "folder_id": null,
            "id": "projects/axiomatic-spark-375511",
            "labels": {},
            "name": "My Project 99569",
            "number": "126760424798",
            "org_id": null,
            "project_id": "axiomatic-spark-375511",
            "skip_delete": null
          },
          "sensitive_attributes": []
        }
      ]
    },
    {
      "mode": "managed",
      "type": "google_artifact_registry_repository",
      "name": "todo_app",
      "provider": "provider[\"registry.terraform.io/hashicorp/google\"]",
      "instances": [
        {
          "schema_version": 0,
          "attributes": {
            "create_time": "2023-01-23T12:48:48.850103Z",
            "description": "",
            "format": "DOCKER",
            "id": "projects/axiomatic-spark-375511/locations/us-central1/repositories/forth-app",
            "kms_key_name": "",
            "labels": {},
            "location": "us-central1",
            "maven_config": [],
            "name": "forth-app",
            "project": "axiomatic-spark-375511",
            "repository_id": "forth-app",
            "timeouts": null,
            "update_time": "2023-01-23T12:48:48.850103Z"
          },
          "sensitive_attributes": [],
          "private": "eyJlMmJmYjczMC1lY2FhLTExZTYtOGY4OC0zNDM2M2JjN2M0YzAiOnsiY3JlYXRlIjoxMjAwMDAwMDAwMDAwLCJkZWxldGUiOjEyMDAwMDAwMDAwMDAsInVwZGF0ZSI6MTIwMDAwMDAwMDAwMH19",
          "dependencies": [
            "google_project_service.all"
          ]
        }
      ]
    },
    {
      "mode": "managed",
      "type": "google_cloud_run_service",
      "name": "api",
      "provider": "provider[\"registry.terraform.io/hashicorp/google\"]",
      "instances": [
        {
          "schema_version": 1,
          "attributes": {
            "autogenerate_revision_name": true,
            "id": "locations/us-central1/namespaces/axiomatic-spark-375511/services/forth-api",
            "location": "us-central1",
            "metadata": [
              {
                "annotations": {
                  "run.googleapis.com/ingress": "all",
                  "run.googleapis.com/ingress-status": "all",
                  "run.googleapis.com/operation-id": "8db614d7-0f74-4c64-b3cf-1fc562519a97",
                  "serving.knative.dev/creator": "terraform@axiomatic-spark-375511.iam.gserviceaccount.com",
                  "serving.knative.dev/lastModifier": "terraform@axiomatic-spark-375511.iam.gserviceaccount.com"
                },
                "generation": 1,
                "labels": {
                  "cloud.googleapis.com/location": "us-central1"
                },
                "namespace": "axiomatic-spark-375511",
                "resource_version": "AAXy7s/GWdY",
                "self_link": "/apis/serving.knative.dev/v1/namespaces/126760424798/services/forth-api",
                "uid": "b7b13162-0eff-4e91-9828-6d8b5bc9bea5"
              }
            ],
            "name": "forth-api",
            "project": "axiomatic-spark-375511",
            "status": [
              {
                "conditions": [
                  {
                    "message": "",
                    "reason": "",
                    "status": "True",
                    "type": "Ready"
                  },
                  {
                    "message": "",
                    "reason": "",
                    "status": "True",
                    "type": "ConfigurationsReady"
                  },
                  {
                    "message": "",
                    "reason": "",
                    "status": "True",
                    "type": "RoutesReady"
                  }
                ],
                "latest_created_revision_name": "forth-api-752vc",
                "latest_ready_revision_name": "forth-api-752vc",
                "observed_generation": 1,
                "url": "https://forth-api-2yuduypxsq-uc.a.run.app"
              }
            ],
            "template": [
              {
                "metadata": [
                  {
                    "annotations": {
                      "autoscaling.knative.dev/maxScale": "1000",
                      "run.googleapis.com/client-name": "terraform",
                      "run.googleapis.com/cloudsql-instances": "axiomatic-spark-375511:us-central1:forth-db-b2d7",
                      "run.googleapis.com/vpc-access-connector": "projects/axiomatic-spark-375511/locations/us-central1/connectors/forth-vpc-cx",
                      "run.googleapis.com/vpc-access-egress": "all"
                    },
                    "generation": 0,
                    "labels": null,
                    "name": "",
                    "namespace": "",
                    "resource_version": "",
                    "self_link": "",
                    "uid": ""
                  }
                ],
                "spec": [
                  {
                    "container_concurrency": 80,
                    "containers": [
                      {
                        "args": null,
                        "command": null,
                        "env": [
                          {
                            "name": "REDISHOST",
                            "value": "",
                            "value_from": [
                              {
                                "secret_key_ref": [
                                  {
                                    "key": "latest",
                                    "name": "redishost"
                                  }
                                ]
                              }
                            ]
                          },
                          {
                            "name": "REDISPORT",
                            "value": "6379",
                            "value_from": []
                          },
                          {
                            "name": "todo_host",
                            "value": "",
                            "value_from": [
                              {
                                "secret_key_ref": [
                                  {
                                    "key": "latest",
                                    "name": "sqlhost"
                                  }
                                ]
                              }
                            ]
                          },
                          {
                            "name": "todo_name",
                            "value": "todo",
                            "value_from": []
                          },
                          {
                            "name": "todo_pass",
                            "value": "todo_pass",
                            "value_from": []
                          },
                          {
                            "name": "todo_user",
                            "value": "todo_user",
                            "value_from": []
                          }
                        ],
                        "env_from": [],
                        "image": "us-central1-docker.pkg.dev/axiomatic-spark-375511/forth-app/api",
                        "ports": [
                          {
                            "container_port": 8080,
                            "name": "http1",
                            "protocol": ""
                          }
                        ],
                        "resources": [
                          {
                            "limits": {
                              "cpu": "1000m",
                              "memory": "512Mi"
                            },
                            "requests": {}
                          }
                        ],
                        "volume_mounts": [],
                        "working_dir": ""
                      }
                    ],
                    "service_account_name": "forth-run-sa@axiomatic-spark-375511.iam.gserviceaccount.com",
                    "serving_state": "",
                    "timeout_seconds": 300,
                    "volumes": []
                  }
                ]
              }
            ],
            "timeouts": null,
            "traffic": [
              {
                "latest_revision": true,
                "percent": 100,
                "revision_name": "",
                "tag": "",
                "url": ""
              }
            ]
          },
          "sensitive_attributes": [],
          "private": "eyJlMmJmYjczMC1lY2FhLTExZTYtOGY4OC0zNDM2M2JjN2M0YzAiOnsiY3JlYXRlIjoxMjAwMDAwMDAwMDAwLCJkZWxldGUiOjEyMDAwMDAwMDAwMDAsInVwZGF0ZSI6MTIwMDAwMDAwMDAwMH0sInNjaGVtYV92ZXJzaW9uIjoiMSJ9",
          "dependencies": [
            "google_artifact_registry_repository.todo_app",
            "google_project_service.all",
            "google_secret_manager_secret.redishost",
            "google_secret_manager_secret.sqlhost",
            "google_secret_manager_secret_version.redishost",
            "google_secret_manager_secret_version.sqlhost",
            "google_service_account.runsa",
            "google_sql_database_instance.main",
            "google_vpc_access_connector.main",
            "null_resource.cloudbuild_api"
          ]
        }
      ]
    },
    {
      "mode": "managed",
      "type": "google_cloud_run_service",
      "name": "fe",
      "provider": "provider[\"registry.terraform.io/hashicorp/google\"]",
      "instances": [
        {
          "schema_version": 1,
          "attributes": {
            "autogenerate_revision_name": false,
            "id": "locations/us-central1/namespaces/axiomatic-spark-375511/services/forth-fe",
            "location": "us-central1",
            "metadata": [
              {
                "annotations": {
                  "run.googleapis.com/ingress": "all",
                  "run.googleapis.com/ingress-status": "all",
                  "run.googleapis.com/operation-id": "47a05a0c-e0c4-455e-8220-73beb7c13407",
                  "serving.knative.dev/creator": "terraform@axiomatic-spark-375511.iam.gserviceaccount.com",
                  "serving.knative.dev/lastModifier": "terraform@axiomatic-spark-375511.iam.gserviceaccount.com"
                },
                "generation": 1,
                "labels": {
                  "cloud.googleapis.com/location": "us-central1"
                },
                "namespace": "axiomatic-spark-375511",
                "resource_version": "AAXy7tadyNg",
                "self_link": "/apis/serving.knative.dev/v1/namespaces/126760424798/services/forth-fe",
                "uid": "905c46e2-c0b9-4c15-8ead-ac3357fff4ad"
              }
            ],
            "name": "forth-fe",
            "project": "axiomatic-spark-375511",
            "status": [
              {
                "conditions": [
                  {
                    "message": "",
                    "reason": "",
                    "status": "True",
                    "type": "Ready"
                  },
                  {
                    "message": "",
                    "reason": "",
                    "status": "True",
                    "type": "ConfigurationsReady"
                  },
                  {
                    "message": "",
                    "reason": "",
                    "status": "True",
                    "type": "RoutesReady"
                  }
                ],
                "latest_created_revision_name": "forth-fe-gxgm4",
                "latest_ready_revision_name": "forth-fe-gxgm4",
                "observed_generation": 1,
                "url": "https://forth-fe-2yuduypxsq-uc.a.run.app"
              }
            ],
            "template": [
              {
                "metadata": [
                  {
                    "annotations": {
                      "autoscaling.knative.dev/maxScale": "100"
                    },
                    "generation": 0,
                    "labels": {},
                    "name": "",
                    "namespace": "",
                    "resource_version": "",
                    "self_link": "",
                    "uid": ""
                  }
                ],
                "spec": [
                  {
                    "container_concurrency": 80,
                    "containers": [
                      {
                        "args": null,
                        "command": null,
                        "env": [],
                        "env_from": [],
                        "image": "us-central1-docker.pkg.dev/axiomatic-spark-375511/forth-app/fe",
                        "ports": [
                          {
                            "container_port": 80,
                            "name": "http1",
                            "protocol": ""
                          }
                        ],
                        "resources": [
                          {
                            "limits": {
                              "cpu": "1000m",
                              "memory": "512Mi"
                            },
                            "requests": {}
                          }
                        ],
                        "volume_mounts": [],
                        "working_dir": ""
                      }
                    ],
                    "service_account_name": "forth-run-sa@axiomatic-spark-375511.iam.gserviceaccount.com",
                    "serving_state": "",
                    "timeout_seconds": 300,
                    "volumes": []
                  }
                ]
              }
            ],
            "timeouts": null,
            "traffic": [
              {
                "latest_revision": true,
                "percent": 100,
                "revision_name": "",
                "tag": "",
                "url": ""
              }
            ]
          },
          "sensitive_attributes": [],
          "private": "eyJlMmJmYjczMC1lY2FhLTExZTYtOGY4OC0zNDM2M2JjN2M0YzAiOnsiY3JlYXRlIjoxMjAwMDAwMDAwMDAwLCJkZWxldGUiOjEyMDAwMDAwMDAwMDAsInVwZGF0ZSI6MTIwMDAwMDAwMDAwMH0sInNjaGVtYV92ZXJzaW9uIjoiMSJ9",
          "dependencies": [
            "google_artifact_registry_repository.todo_app",
            "google_cloud_run_service.api",
            "google_project_service.all",
            "google_secret_manager_secret.redishost",
            "google_secret_manager_secret.sqlhost",
            "google_secret_manager_secret_version.redishost",
            "google_secret_manager_secret_version.sqlhost",
            "google_service_account.runsa",
            "google_sql_database_instance.main",
            "google_vpc_access_connector.main",
            "null_resource.cloudbuild_api",
            "null_resource.cloudbuild_fe"
          ]
        }
      ]
    },
    {
      "mode": "managed",
      "type": "google_cloud_run_service_iam_member",
      "name": "noauth_api",
      "provider": "provider[\"registry.terraform.io/hashicorp/google\"]",
      "instances": [
        {
          "schema_version": 0,
          "attributes": {
            "condition": [],
            "etag": "BwXy7s/vMkQ=",
            "id": "v1/projects/axiomatic-spark-375511/locations/us-central1/services/forth-api/roles/run.invoker/allUsers",
            "location": "us-central1",
            "member": "allUsers",
            "project": "axiomatic-spark-375511",
            "role": "roles/run.invoker",
            "service": "v1/projects/axiomatic-spark-375511/locations/us-central1/services/forth-api"
          },
          "sensitive_attributes": [],
          "private": "bnVsbA==",
          "dependencies": [
            "google_artifact_registry_repository.todo_app",
            "google_cloud_run_service.api",
            "google_project_service.all",
            "google_secret_manager_secret.redishost",
            "google_secret_manager_secret.sqlhost",
            "google_secret_manager_secret_version.redishost",
            "google_secret_manager_secret_version.sqlhost",
            "google_service_account.runsa",
            "google_sql_database_instance.main",
            "google_vpc_access_connector.main",
            "null_resource.cloudbuild_api"
          ]
        }
      ]
    },
    {
      "mode": "managed",
      "type": "google_cloud_run_service_iam_member",
      "name": "noauth_fe",
      "provider": "provider[\"registry.terraform.io/hashicorp/google\"]",
      "instances": [
        {
          "schema_version": 0,
          "attributes": {
            "condition": [],
            "etag": "BwXy7tbP4js=",
            "id": "v1/projects/axiomatic-spark-375511/locations/us-central1/services/forth-fe/roles/run.invoker/allUsers",
            "location": "us-central1",
            "member": "allUsers",
            "project": "axiomatic-spark-375511",
            "role": "roles/run.invoker",
            "service": "v1/projects/axiomatic-spark-375511/locations/us-central1/services/forth-fe"
          },
          "sensitive_attributes": [],
          "private": "bnVsbA==",
          "dependencies": [
            "google_artifact_registry_repository.todo_app",
            "google_cloud_run_service.api",
            "google_cloud_run_service.fe",
            "google_project_service.all",
            "google_secret_manager_secret.redishost",
            "google_secret_manager_secret.sqlhost",
            "google_secret_manager_secret_version.redishost",
            "google_secret_manager_secret_version.sqlhost",
            "google_service_account.runsa",
            "google_sql_database_instance.main",
            "google_vpc_access_connector.main",
            "null_resource.cloudbuild_api",
            "null_resource.cloudbuild_fe"
          ]
        }
      ]
    },
    {
      "mode": "managed",
      "type": "google_compute_global_address",
      "name": "main",
      "provider": "provider[\"registry.terraform.io/hashicorp/google\"]",
      "instances": [
        {
          "schema_version": 0,
          "attributes": {
            "address": "10.114.0.0",
            "address_type": "INTERNAL",
            "creation_timestamp": "2023-01-23T04:49:22.331-08:00",
            "description": "",
            "id": "projects/axiomatic-spark-375511/global/addresses/forth-vpc-address",
            "ip_version": "",
            "name": "forth-vpc-address",
            "network": "https://www.googleapis.com/compute/v1/projects/axiomatic-spark-375511/global/networks/forth-private-network",
            "prefix_length": 16,
            "project": "axiomatic-spark-375511",
            "purpose": "VPC_PEERING",
            "self_link": "https://www.googleapis.com/compute/v1/projects/axiomatic-spark-375511/global/addresses/forth-vpc-address",
            "timeouts": null
          },
          "sensitive_attributes": [],
          "private": "eyJlMmJmYjczMC1lY2FhLTExZTYtOGY4OC0zNDM2M2JjN2M0YzAiOnsiY3JlYXRlIjoxMjAwMDAwMDAwMDAwLCJkZWxldGUiOjEyMDAwMDAwMDAwMDB9fQ==",
          "dependencies": [
            "google_compute_network.main",
            "google_project_service.all"
          ]
        }
      ]
    },
    {
      "mode": "managed",
      "type": "google_compute_network",
      "name": "main",
      "provider": "provider[\"registry.terraform.io/hashicorp/google\"]",
      "instances": [
        {
          "schema_version": 0,
          "attributes": {
            "auto_create_subnetworks": true,
            "delete_default_routes_on_create": false,
            "description": "Final Project private network",
            "enable_ula_internal_ipv6": false,
            "gateway_ipv4": "",
            "id": "projects/axiomatic-spark-375511/global/networks/forth-private-network",
            "internal_ipv6_range": "",
            "mtu": 0,
            "name": "forth-private-network",
            "project": "axiomatic-spark-375511",
            "routing_mode": "REGIONAL",
            "self_link": "https://www.googleapis.com/compute/v1/projects/axiomatic-spark-375511/global/networks/forth-private-network",
            "timeouts": null
          },
          "sensitive_attributes": [],
          "private": "eyJlMmJmYjczMC1lY2FhLTExZTYtOGY4OC0zNDM2M2JjN2M0YzAiOnsiY3JlYXRlIjoxMjAwMDAwMDAwMDAwLCJkZWxldGUiOjEyMDAwMDAwMDAwMDAsInVwZGF0ZSI6MTIwMDAwMDAwMDAwMH19"
        }
      ]
    },
    {
      "mode": "managed",
      "type": "google_project_iam_member",
      "name": "allbuild",
      "provider": "provider[\"registry.terraform.io/hashicorp/google\"]",
      "instances": [
        {
          "index_key": "roles/artifactregistry.admin",
          "schema_version": 0,
          "attributes": {
            "condition": [],
            "etag": "BwXy7dI2kaQ=",
            "id": "axiomatic-spark-375511/roles/artifactregistry.admin/serviceAccount:126760424798@cloudbuild.gserviceaccount.com",
            "member": "serviceAccount:126760424798@cloudbuild.gserviceaccount.com",
            "project": "axiomatic-spark-375511",
            "role": "roles/artifactregistry.admin"
          },
          "sensitive_attributes": [],
          "private": "bnVsbA==",
          "dependencies": [
            "google_project_service.all"
          ]
        },
        {
          "index_key": "roles/iam.serviceAccountUser",
          "schema_version": 0,
          "attributes": {
            "condition": [],
            "etag": "BwXy7dI2kaQ=",
            "id": "axiomatic-spark-375511/roles/iam.serviceAccountUser/serviceAccount:126760424798@cloudbuild.gserviceaccount.com",
            "member": "serviceAccount:126760424798@cloudbuild.gserviceaccount.com",
            "project": "axiomatic-spark-375511",
            "role": "roles/iam.serviceAccountUser"
          },
          "sensitive_attributes": [],
          "private": "bnVsbA==",
          "dependencies": [
            "google_project_service.all"
          ]
        },
        {
          "index_key": "roles/run.admin",
          "schema_version": 0,
          "attributes": {
            "condition": [],
            "etag": "BwXy7dI2kaQ=",
            "id": "axiomatic-spark-375511/roles/run.admin/serviceAccount:126760424798@cloudbuild.gserviceaccount.com",
            "member": "serviceAccount:126760424798@cloudbuild.gserviceaccount.com",
            "project": "axiomatic-spark-375511",
            "role": "roles/run.admin"
          },
          "sensitive_attributes": [],
          "private": "bnVsbA==",
          "dependencies": [
            "google_project_service.all"
          ]
        },
        {
          "index_key": "roles/run.developer",
          "schema_version": 0,
          "attributes": {
            "condition": [],
            "etag": "BwXy7dI2kaQ=",
            "id": "axiomatic-spark-375511/roles/run.developer/serviceAccount:126760424798@cloudbuild.gserviceaccount.com",
            "member": "serviceAccount:126760424798@cloudbuild.gserviceaccount.com",
            "project": "axiomatic-spark-375511",
            "role": "roles/run.developer"
          },
          "sensitive_attributes": [],
          "private": "bnVsbA==",
          "dependencies": [
            "google_project_service.all"
          ]
        },
        {
          "index_key": "roles/secretmanager.secretAccessor",
          "schema_version": 0,
          "attributes": {
            "condition": [],
            "etag": "BwXy7dI2kaQ=",
            "id": "axiomatic-spark-375511/roles/secretmanager.secretAccessor/serviceAccount:126760424798@cloudbuild.gserviceaccount.com",
            "member": "serviceAccount:126760424798@cloudbuild.gserviceaccount.com",
            "project": "axiomatic-spark-375511",
            "role": "roles/secretmanager.secretAccessor"
          },
          "sensitive_attributes": [],
          "private": "bnVsbA==",
          "dependencies": [
            "google_project_service.all"
          ]
        },
        {
          "index_key": "roles/vpaccess.user",
          "schema_version": 0,
          "attributes": {
            "condition": [],
            "etag": "BwXy7dI2kaQ=",
            "id": "axiomatic-spark-375511/roles/vpaccess.user/serviceAccount:126760424798@cloudbuild.gserviceaccount.com",
            "member": "serviceAccount:126760424798@cloudbuild.gserviceaccount.com",
            "project": "axiomatic-spark-375511",
            "role": "roles/vpaccess.user"
          },
          "sensitive_attributes": [],
          "private": "bnVsbA==",
          "dependencies": [
            "google_project_service.all"
          ]
        }
      ]
    },
    {
      "mode": "managed",
      "type": "google_project_iam_member",
      "name": "allrun",
      "provider": "provider[\"registry.terraform.io/hashicorp/google\"]",
      "instances": [
        {
          "schema_version": 0,
          "attributes": {
            "condition": [],
            "etag": "BwXy7dI2kaQ=",
            "id": "axiomatic-spark-375511/roles/secretmanager.secretAccessor/serviceAccount:forth-run-sa@axiomatic-spark-375511.iam.gserviceaccount.com",
            "member": "serviceAccount:forth-run-sa@axiomatic-spark-375511.iam.gserviceaccount.com",
            "project": "axiomatic-spark-375511",
            "role": "roles/secretmanager.secretAccessor"
          },
          "sensitive_attributes": [],
          "private": "bnVsbA==",
          "dependencies": [
            "google_project_service.all",
            "google_service_account.runsa"
          ]
        }
      ]
    },
    {
      "mode": "managed",
      "type": "google_project_service",
      "name": "all",
      "provider": "provider[\"registry.terraform.io/hashicorp/google\"]",
      "instances": [
        {
          "index_key": "artifactregistry.googleapis.com",
          "schema_version": 0,
          "attributes": {
            "disable_dependent_services": null,
            "disable_on_destroy": false,
            "id": "axiomatic-spark-375511/artifactregistry.googleapis.com",
            "project": "axiomatic-spark-375511",
            "service": "artifactregistry.googleapis.com",
            "timeouts": null
          },
          "sensitive_attributes": [],
          "private": "eyJlMmJmYjczMC1lY2FhLTExZTYtOGY4OC0zNDM2M2JjN2M0YzAiOnsiY3JlYXRlIjoxMjAwMDAwMDAwMDAwLCJkZWxldGUiOjEyMDAwMDAwMDAwMDAsInJlYWQiOjYwMDAwMDAwMDAwMCwidXBkYXRlIjoxMjAwMDAwMDAwMDAwfX0="
        },
        {
          "index_key": "cloudapis.googleapis.com",
          "schema_version": 0,
          "attributes": {
            "disable_dependent_services": null,
            "disable_on_destroy": false,
            "id": "axiomatic-spark-375511/cloudapis.googleapis.com",
            "project": "axiomatic-spark-375511",
            "service": "cloudapis.googleapis.com",
            "timeouts": null
          },
          "sensitive_attributes": [],
          "private": "eyJlMmJmYjczMC1lY2FhLTExZTYtOGY4OC0zNDM2M2JjN2M0YzAiOnsiY3JlYXRlIjoxMjAwMDAwMDAwMDAwLCJkZWxldGUiOjEyMDAwMDAwMDAwMDAsInJlYWQiOjYwMDAwMDAwMDAwMCwidXBkYXRlIjoxMjAwMDAwMDAwMDAwfX0="
        },
        {
          "index_key": "cloudbuild.googleapis.com",
          "schema_version": 0,
          "attributes": {
            "disable_dependent_services": null,
            "disable_on_destroy": false,
            "id": "axiomatic-spark-375511/cloudbuild.googleapis.com",
            "project": "axiomatic-spark-375511",
            "service": "cloudbuild.googleapis.com",
            "timeouts": null
          },
          "sensitive_attributes": [],
          "private": "eyJlMmJmYjczMC1lY2FhLTExZTYtOGY4OC0zNDM2M2JjN2M0YzAiOnsiY3JlYXRlIjoxMjAwMDAwMDAwMDAwLCJkZWxldGUiOjEyMDAwMDAwMDAwMDAsInJlYWQiOjYwMDAwMDAwMDAwMCwidXBkYXRlIjoxMjAwMDAwMDAwMDAwfX0="
        },
        {
          "index_key": "compute.googleapis.com",
          "schema_version": 0,
          "attributes": {
            "disable_dependent_services": null,
            "disable_on_destroy": false,
            "id": "axiomatic-spark-375511/compute.googleapis.com",
            "project": "axiomatic-spark-375511",
            "service": "compute.googleapis.com",
            "timeouts": null
          },
          "sensitive_attributes": [],
          "private": "eyJlMmJmYjczMC1lY2FhLTExZTYtOGY4OC0zNDM2M2JjN2M0YzAiOnsiY3JlYXRlIjoxMjAwMDAwMDAwMDAwLCJkZWxldGUiOjEyMDAwMDAwMDAwMDAsInJlYWQiOjYwMDAwMDAwMDAwMCwidXBkYXRlIjoxMjAwMDAwMDAwMDAwfX0="
        },
        {
          "index_key": "redis.googleapis.com",
          "schema_version": 0,
          "attributes": {
            "disable_dependent_services": null,
            "disable_on_destroy": false,
            "id": "axiomatic-spark-375511/redis.googleapis.com",
            "project": "axiomatic-spark-375511",
            "service": "redis.googleapis.com",
            "timeouts": null
          },
          "sensitive_attributes": [],
          "private": "eyJlMmJmYjczMC1lY2FhLTExZTYtOGY4OC0zNDM2M2JjN2M0YzAiOnsiY3JlYXRlIjoxMjAwMDAwMDAwMDAwLCJkZWxldGUiOjEyMDAwMDAwMDAwMDAsInJlYWQiOjYwMDAwMDAwMDAwMCwidXBkYXRlIjoxMjAwMDAwMDAwMDAwfX0="
        },
        {
          "index_key": "run.googleapis.com",
          "schema_version": 0,
          "attributes": {
            "disable_dependent_services": null,
            "disable_on_destroy": false,
            "id": "axiomatic-spark-375511/run.googleapis.com",
            "project": "axiomatic-spark-375511",
            "service": "run.googleapis.com",
            "timeouts": null
          },
          "sensitive_attributes": [],
          "private": "eyJlMmJmYjczMC1lY2FhLTExZTYtOGY4OC0zNDM2M2JjN2M0YzAiOnsiY3JlYXRlIjoxMjAwMDAwMDAwMDAwLCJkZWxldGUiOjEyMDAwMDAwMDAwMDAsInJlYWQiOjYwMDAwMDAwMDAwMCwidXBkYXRlIjoxMjAwMDAwMDAwMDAwfX0="
        },
        {
          "index_key": "secretmanager.googleapis.com",
          "schema_version": 0,
          "attributes": {
            "disable_dependent_services": null,
            "disable_on_destroy": false,
            "id": "axiomatic-spark-375511/secretmanager.googleapis.com",
            "project": "axiomatic-spark-375511",
            "service": "secretmanager.googleapis.com",
            "timeouts": null
          },
          "sensitive_attributes": [],
          "private": "eyJlMmJmYjczMC1lY2FhLTExZTYtOGY4OC0zNDM2M2JjN2M0YzAiOnsiY3JlYXRlIjoxMjAwMDAwMDAwMDAwLCJkZWxldGUiOjEyMDAwMDAwMDAwMDAsInJlYWQiOjYwMDAwMDAwMDAwMCwidXBkYXRlIjoxMjAwMDAwMDAwMDAwfX0="
        },
        {
          "index_key": "servicenetworking.googleapis.com",
          "schema_version": 0,
          "attributes": {
            "disable_dependent_services": null,
            "disable_on_destroy": false,
            "id": "axiomatic-spark-375511/servicenetworking.googleapis.com",
            "project": "axiomatic-spark-375511",
            "service": "servicenetworking.googleapis.com",
            "timeouts": null
          },
          "sensitive_attributes": [],
          "private": "eyJlMmJmYjczMC1lY2FhLTExZTYtOGY4OC0zNDM2M2JjN2M0YzAiOnsiY3JlYXRlIjoxMjAwMDAwMDAwMDAwLCJkZWxldGUiOjEyMDAwMDAwMDAwMDAsInJlYWQiOjYwMDAwMDAwMDAwMCwidXBkYXRlIjoxMjAwMDAwMDAwMDAwfX0="
        },
        {
          "index_key": "sql-component.googleapis.com",
          "schema_version": 0,
          "attributes": {
            "disable_dependent_services": null,
            "disable_on_destroy": false,
            "id": "axiomatic-spark-375511/sql-component.googleapis.com",
            "project": "axiomatic-spark-375511",
            "service": "sql-component.googleapis.com",
            "timeouts": null
          },
          "sensitive_attributes": [],
          "private": "eyJlMmJmYjczMC1lY2FhLTExZTYtOGY4OC0zNDM2M2JjN2M0YzAiOnsiY3JlYXRlIjoxMjAwMDAwMDAwMDAwLCJkZWxldGUiOjEyMDAwMDAwMDAwMDAsInJlYWQiOjYwMDAwMDAwMDAwMCwidXBkYXRlIjoxMjAwMDAwMDAwMDAwfX0="
        },
        {
          "index_key": "sqladmin.googleapis.com",
          "schema_version": 0,
          "attributes": {
            "disable_dependent_services": null,
            "disable_on_destroy": false,
            "id": "axiomatic-spark-375511/sqladmin.googleapis.com",
            "project": "axiomatic-spark-375511",
            "service": "sqladmin.googleapis.com",
            "timeouts": null
          },
          "sensitive_attributes": [],
          "private": "eyJlMmJmYjczMC1lY2FhLTExZTYtOGY4OC0zNDM2M2JjN2M0YzAiOnsiY3JlYXRlIjoxMjAwMDAwMDAwMDAwLCJkZWxldGUiOjEyMDAwMDAwMDAwMDAsInJlYWQiOjYwMDAwMDAwMDAwMCwidXBkYXRlIjoxMjAwMDAwMDAwMDAwfX0="
        },
        {
          "index_key": "storage.googleapis.com",
          "schema_version": 0,
          "attributes": {
            "disable_dependent_services": null,
            "disable_on_destroy": false,
            "id": "axiomatic-spark-375511/storage.googleapis.com",
            "project": "axiomatic-spark-375511",
            "service": "storage.googleapis.com",
            "timeouts": null
          },
          "sensitive_attributes": [],
          "private": "eyJlMmJmYjczMC1lY2FhLTExZTYtOGY4OC0zNDM2M2JjN2M0YzAiOnsiY3JlYXRlIjoxMjAwMDAwMDAwMDAwLCJkZWxldGUiOjEyMDAwMDAwMDAwMDAsInJlYWQiOjYwMDAwMDAwMDAwMCwidXBkYXRlIjoxMjAwMDAwMDAwMDAwfX0="
        },
        {
          "index_key": "vpcaccess.googleapis.com",
          "schema_version": 0,
          "attributes": {
            "disable_dependent_services": null,
            "disable_on_destroy": false,
            "id": "axiomatic-spark-375511/vpcaccess.googleapis.com",
            "project": "axiomatic-spark-375511",
            "service": "vpcaccess.googleapis.com",
            "timeouts": null
          },
          "sensitive_attributes": [],
          "private": "eyJlMmJmYjczMC1lY2FhLTExZTYtOGY4OC0zNDM2M2JjN2M0YzAiOnsiY3JlYXRlIjoxMjAwMDAwMDAwMDAwLCJkZWxldGUiOjEyMDAwMDAwMDAwMDAsInJlYWQiOjYwMDAwMDAwMDAwMCwidXBkYXRlIjoxMjAwMDAwMDAwMDAwfX0="
        }
      ]
    },
    {
      "mode": "managed",
      "type": "google_redis_instance",
      "name": "main",
      "provider": "provider[\"registry.terraform.io/hashicorp/google\"]",
      "instances": [
        {
          "schema_version": 0,
          "attributes": {
            "alternative_location_id": "",
            "auth_enabled": false,
            "auth_string": "",
            "authorized_network": "projects/axiomatic-spark-375511/global/networks/forth-private-network",
            "connect_mode": "DIRECT_PEERING",
            "create_time": "2023-01-23T12:49:22.876012430Z",
            "current_location_id": "us-central1-c",
            "customer_managed_key": "",
            "display_name": "",
            "host": "10.137.125.91",
            "id": "projects/axiomatic-spark-375511/locations/us-central1/instances/forth-cache",
            "labels": {},
            "location_id": "us-central1-c",
            "maintenance_policy": [],
            "maintenance_schedule": [],
            "memory_size_gb": 1,
            "name": "forth-cache",
            "nodes": [
              {
                "id": "node-0",
                "zone": "us-central1-c"
              }
            ],
            "persistence_config": [
              {
                "persistence_mode": "DISABLED",
                "rdb_next_snapshot_time": "",
                "rdb_snapshot_period": "",
                "rdb_snapshot_start_time": ""
              }
            ],
            "persistence_iam_identity": "serviceAccount:service-126760424798@cloud-redis.iam.gserviceaccount.com",
            "port": 6379,
            "project": "axiomatic-spark-375511",
            "read_endpoint": "",
            "read_endpoint_port": 0,
            "read_replicas_mode": "READ_REPLICAS_DISABLED",
            "redis_configs": {},
            "redis_version": "REDIS_6_X",
            "region": "us-central1",
            "replica_count": 0,
            "reserved_ip_range": "10.137.125.88/29",
            "secondary_ip_range": "",
            "server_ca_certs": [],
            "tier": "BASIC",
            "timeouts": null,
            "transit_encryption_mode": "DISABLED"
          },
          "sensitive_attributes": [],
          "private": "eyJlMmJmYjczMC1lY2FhLTExZTYtOGY4OC0zNDM2M2JjN2M0YzAiOnsiY3JlYXRlIjoxMjAwMDAwMDAwMDAwLCJkZWxldGUiOjEyMDAwMDAwMDAwMDAsInVwZGF0ZSI6MTIwMDAwMDAwMDAwMH19",
          "dependencies": [
            "google_compute_network.main",
            "google_project_service.all"
          ]
        }
      ]
    },
    {
      "mode": "managed",
      "type": "google_secret_manager_secret",
      "name": "redishost",
      "provider": "provider[\"registry.terraform.io/hashicorp/google\"]",
      "instances": [
        {
          "schema_version": 0,
          "attributes": {
            "create_time": "2023-01-23T12:48:47.680970Z",
            "expire_time": "",
            "id": "projects/axiomatic-spark-375511/secrets/redishost",
            "labels": {},
            "name": "projects/126760424798/secrets/redishost",
            "project": "axiomatic-spark-375511",
            "replication": [
              {
                "automatic": true,
                "user_managed": []
              }
            ],
            "rotation": [],
            "secret_id": "redishost",
            "timeouts": null,
            "topics": [],
            "ttl": null
          },
          "sensitive_attributes": [],
          "private": "eyJlMmJmYjczMC1lY2FhLTExZTYtOGY4OC0zNDM2M2JjN2M0YzAiOnsiY3JlYXRlIjoxMjAwMDAwMDAwMDAwLCJkZWxldGUiOjEyMDAwMDAwMDAwMDAsInVwZGF0ZSI6MTIwMDAwMDAwMDAwMH19",
          "dependencies": [
            "google_project_service.all"
          ]
        }
      ]
    },
    {
      "mode": "managed",
      "type": "google_secret_manager_secret",
      "name": "sqlhost",
      "provider": "provider[\"registry.terraform.io/hashicorp/google\"]",
      "instances": [
        {
          "schema_version": 0,
          "attributes": {
            "create_time": "2023-01-23T12:48:47.673303Z",
            "expire_time": "",
            "id": "projects/axiomatic-spark-375511/secrets/sqlhost",
            "labels": {},
            "name": "projects/126760424798/secrets/sqlhost",
            "project": "axiomatic-spark-375511",
            "replication": [
              {
                "automatic": true,
                "user_managed": []
              }
            ],
            "rotation": [],
            "secret_id": "sqlhost",
            "timeouts": null,
            "topics": [],
            "ttl": null
          },
          "sensitive_attributes": [],
          "private": "eyJlMmJmYjczMC1lY2FhLTExZTYtOGY4OC0zNDM2M2JjN2M0YzAiOnsiY3JlYXRlIjoxMjAwMDAwMDAwMDAwLCJkZWxldGUiOjEyMDAwMDAwMDAwMDAsInVwZGF0ZSI6MTIwMDAwMDAwMDAwMH19",
          "dependencies": [
            "google_project_service.all"
          ]
        }
      ]
    },
    {
      "mode": "managed",
      "type": "google_secret_manager_secret_version",
      "name": "redishost",
      "provider": "provider[\"registry.terraform.io/hashicorp/google\"]",
      "instances": [
        {
          "schema_version": 0,
          "attributes": {
            "create_time": "2023-01-23T12:53:53.356310Z",
            "destroy_time": "",
            "enabled": true,
            "id": "projects/126760424798/secrets/redishost/versions/1",
            "name": "projects/126760424798/secrets/redishost/versions/1",
            "secret": "projects/axiomatic-spark-375511/secrets/redishost",
            "secret_data": "10.137.125.91",
            "timeouts": null,
            "version": "1"
          },
          "sensitive_attributes": [],
          "private": "eyJlMmJmYjczMC1lY2FhLTExZTYtOGY4OC0zNDM2M2JjN2M0YzAiOnsiY3JlYXRlIjoxMjAwMDAwMDAwMDAwLCJkZWxldGUiOjEyMDAwMDAwMDAwMDB9fQ==",
          "dependencies": [
            "google_compute_network.main",
            "google_project_service.all",
            "google_redis_instance.main",
            "google_secret_manager_secret.redishost"
          ]
        }
      ]
    },
    {
      "mode": "managed",
      "type": "google_secret_manager_secret_version",
      "name": "sqlhost",
      "provider": "provider[\"registry.terraform.io/hashicorp/google\"]",
      "instances": [
        {
          "schema_version": 0,
          "attributes": {
            "create_time": "2023-01-23T13:06:28.977248Z",
            "destroy_time": "",
            "enabled": true,
            "id": "projects/126760424798/secrets/sqlhost/versions/1",
            "name": "projects/126760424798/secrets/sqlhost/versions/1",
            "secret": "projects/axiomatic-spark-375511/secrets/sqlhost",
            "secret_data": "10.114.0.3",
            "timeouts": null,
            "version": "1"
          },
          "sensitive_attributes": [],
          "private": "eyJlMmJmYjczMC1lY2FhLTExZTYtOGY4OC0zNDM2M2JjN2M0YzAiOnsiY3JlYXRlIjoxMjAwMDAwMDAwMDAwLCJkZWxldGUiOjEyMDAwMDAwMDAwMDB9fQ==",
          "dependencies": [
            "google_compute_global_address.main",
            "google_compute_network.main",
            "google_project_service.all",
            "google_secret_manager_secret.sqlhost",
            "google_service_networking_connection.main",
            "google_sql_database_instance.main",
            "random_id.id"
          ]
        }
      ]
    },
    {
      "mode": "managed",
      "type": "google_service_account",
      "name": "runsa",
      "provider": "provider[\"registry.terraform.io/hashicorp/google\"]",
      "instances": [
        {
          "schema_version": 0,
          "attributes": {
            "account_id": "forth-run-sa",
            "description": "",
            "disabled": false,
            "display_name": "Service Account Three Tier App on Cloud Run",
            "email": "forth-run-sa@axiomatic-spark-375511.iam.gserviceaccount.com",
            "id": "projects/axiomatic-spark-375511/serviceAccounts/forth-run-sa@axiomatic-spark-375511.iam.gserviceaccount.com",
            "member": "serviceAccount:forth-run-sa@axiomatic-spark-375511.iam.gserviceaccount.com",
            "name": "projects/axiomatic-spark-375511/serviceAccounts/forth-run-sa@axiomatic-spark-375511.iam.gserviceaccount.com",
            "project": "axiomatic-spark-375511",
            "timeouts": null,
            "unique_id": "114919460427650633177"
          },
          "sensitive_attributes": [],
          "private": "eyJlMmJmYjczMC1lY2FhLTExZTYtOGY4OC0zNDM2M2JjN2M0YzAiOnsiY3JlYXRlIjozMDAwMDAwMDAwMDB9fQ=="
        }
      ]
    },
    {
      "mode": "managed",
      "type": "google_service_networking_connection",
      "name": "main",
      "provider": "provider[\"registry.terraform.io/hashicorp/google\"]",
      "instances": [
        {
          "schema_version": 0,
          "attributes": {
            "id": "projects%2Faxiomatic-spark-375511%2Fglobal%2Fnetworks%2Fforth-private-network:servicenetworking.googleapis.com",
            "network": "projects/axiomatic-spark-375511/global/networks/forth-private-network",
            "peering": "servicenetworking-googleapis-com",
            "reserved_peering_ranges": [
              "forth-vpc-address"
            ],
            "service": "servicenetworking.googleapis.com",
            "timeouts": null
          },
          "sensitive_attributes": [],
          "private": "eyJlMmJmYjczMC1lY2FhLTExZTYtOGY4OC0zNDM2M2JjN2M0YzAiOnsiY3JlYXRlIjo2MDAwMDAwMDAwMDAsImRlbGV0ZSI6NjAwMDAwMDAwMDAwLCJ1cGRhdGUiOjYwMDAwMDAwMDAwMH19",
          "dependencies": [
            "google_compute_global_address.main",
            "google_compute_network.main",
            "google_project_service.all"
          ]
        }
      ]
    },
    {
      "mode": "managed",
      "type": "google_sql_database_instance",
      "name": "main",
      "provider": "provider[\"registry.terraform.io/hashicorp/google\"]",
      "instances": [
        {
          "schema_version": 0,
          "attributes": {
            "available_maintenance_versions": [],
            "clone": [],
            "connection_name": "axiomatic-spark-375511:us-central1:forth-db-b2d7",
            "database_version": "MYSQL_5_7",
            "deletion_protection": false,
            "encryption_key_name": null,
            "first_ip_address": "10.114.0.3",
            "id": "forth-db-b2d7",
            "instance_type": "CLOUD_SQL_INSTANCE",
            "ip_address": [
              {
                "ip_address": "10.114.0.3",
                "time_to_retire": "",
                "type": "PRIVATE"
              }
            ],
            "maintenance_version": "MYSQL_5_7_39.R20221108.00_02",
            "master_instance_name": "",
            "name": "forth-db-b2d7",
            "private_ip_address": "10.114.0.3",
            "project": "axiomatic-spark-375511",
            "public_ip_address": "",
            "region": "us-central1",
            "replica_configuration": [],
            "restore_backup_context": [],
            "root_password": null,
            "self_link": "https://sqladmin.googleapis.com/sql/v1beta4/projects/axiomatic-spark-375511/instances/forth-db-b2d7",
            "server_ca_cert": [
              {
                "cert": "-----BEGIN CERTIFICATE-----\nMIIDfzCCAmegAwIBAgIBADANBgkqhkiG9w0BAQsFADB3MS0wKwYDVQQuEyQ4ZjM1\nOGU3My1iNWFkLTQxNjAtYjIwOC1lMWIyOGQwMTJjNDQxIzAhBgNVBAMTGkdvb2ds\nZSBDbG91ZCBTUUwgU2VydmVyIENBMRQwEgYDVQQKEwtHb29nbGUsIEluYzELMAkG\nA1UEBhMCVVMwHhcNMjMwMTIzMTI1NDA2WhcNMzMwMTIwMTI1NTA2WjB3MS0wKwYD\nVQQuEyQ4ZjM1OGU3My1iNWFkLTQxNjAtYjIwOC1lMWIyOGQwMTJjNDQxIzAhBgNV\nBAMTGkdvb2dsZSBDbG91ZCBTUUwgU2VydmVyIENBMRQwEgYDVQQKEwtHb29nbGUs\nIEluYzELMAkGA1UEBhMCVVMwggEiMA0GCSqGSIb3DQEBAQUAA4IBDwAwggEKAoIB\nAQDQvyKRrOhqT8mq52Eh1K+2nnpB/s+ykDQSibel75MvJf3a4FbiT+UuarR0udtn\nb95UG+037Xxwm2cXNxhLPluTcP071iF2ic4+N5bKEMGmVc3mlBoqedvHIhkfRq4c\ni5/733y4YcysRTRtO/UJWzFOBt4Pcg/WcpKepwd63P5+Keiw9VWdHDhk2A27UWA7\ns36OWVPBfSXr1BZ8/Qkl/2eauaTKyv0/orsS6YwR3bq+lIko9e7mSHqvkVvBz749\n5aeqzCJcwpFmzga7CavbmNH39lmseq+x8vSQj/+EUMJvg/qHtamJuIqTj2q+pfZ/\nlBD2+LpkRS2Yw+2P8FGNJpSNAgMBAAGjFjAUMBIGA1UdEwEB/wQIMAYBAf8CAQAw\nDQYJKoZIhvcNAQELBQADggEBAK4jWcF2FGshuKZOdbE8plFA5eEmNTpabxTYBt8v\nmBTtc0dNMNnSRY0QCeIRnHSXOd7LVgssvOziqIPGKPe7ttx32PAoqjegoD8n7F7s\ndHgLx4v3/POM/KKC1UHJyfHWL5TXQcHCG6v9miKHOqgCMH9vX/B8pNMAaxEHrbN1\nJquCBZ73puozS0yijyv6Zu+HQEbjOvdUSvPuKmt1QMyX5pUdOJhiJtcddO41Y+c0\ndnyWeeJyN7Z9yo0M7rvCklvUI/wBc2MfdrudCiRlxa/Jw1ABJDem/UBpIYC8HjNX\nelBFk/d5XJeiD+Un70cW92xTg3vl3gTTVoN8VkEjVJUnBng=\n-----END CERTIFICATE-----",
                "common_name": "C=US,O=Google\\, Inc,CN=Google Cloud SQL Server CA,dnQualifier=8f358e73-b5ad-4160-b208-e1b28d012c44",
                "create_time": "2023-01-23T12:54:06.856Z",
                "expiration_time": "2033-01-20T12:55:06.856Z",
                "sha1_fingerprint": "76b644bdcbd458c522633f807645139a03f1e7c7"
              }
            ],
            "service_account_email_address": "p126760424798-z7cgvw@gcp-sa-cloud-sql.iam.gserviceaccount.com",
            "settings": [
              {
                "activation_policy": "ALWAYS",
                "active_directory_config": [],
                "availability_type": "ZONAL",
                "backup_configuration": [
                  {
                    "backup_retention_settings": [
                      {
                        "retained_backups": 7,
                        "retention_unit": "COUNT"
                      }
                    ],
                    "binary_log_enabled": false,
                    "enabled": false,
                    "location": "",
                    "point_in_time_recovery_enabled": false,
                    "start_time": "18:00",
                    "transaction_log_retention_days": 7
                  }
                ],
                "collation": "",
                "connector_enforcement": "NOT_REQUIRED",
                "database_flags": [],
                "deletion_protection_enabled": false,
                "deny_maintenance_period": [],
                "disk_autoresize": true,
                "disk_autoresize_limit": 0,
                "disk_size": 10,
                "disk_type": "PD_SSD",
                "insights_config": [],
                "ip_configuration": [
                  {
                    "allocated_ip_range": "",
                    "authorized_networks": [],
                    "ipv4_enabled": false,
                    "private_network": "projects/axiomatic-spark-375511/global/networks/forth-private-network",
                    "require_ssl": false
                  }
                ],
                "location_preference": [
                  {
                    "follow_gae_application": "",
                    "secondary_zone": "",
                    "zone": "us-central1-c"
                  }
                ],
                "maintenance_window": [],
                "password_validation_policy": [],
                "pricing_plan": "PER_USE",
                "sql_server_audit_config": [],
                "tier": "db-f1-micro",
                "time_zone": "",
                "user_labels": {},
                "version": 1
              }
            ],
            "timeouts": null
          },
          "sensitive_attributes": [],
          "private": "eyJlMmJmYjczMC1lY2FhLTExZTYtOGY4OC0zNDM2M2JjN2M0YzAiOnsiY3JlYXRlIjoxODAwMDAwMDAwMDAwLCJkZWxldGUiOjE4MDAwMDAwMDAwMDAsInVwZGF0ZSI6MTgwMDAwMDAwMDAwMH19",
          "dependencies": [
            "google_compute_global_address.main",
            "google_compute_network.main",
            "google_project_service.all",
            "google_service_networking_connection.main",
            "random_id.id"
          ]
        }
      ]
    },
    {
      "mode": "managed",
      "type": "google_vpc_access_connector",
      "name": "main",
      "provider": "provider[\"registry.terraform.io/hashicorp/google\"]",
      "instances": [
        {
          "schema_version": 0,
          "attributes": {
            "id": "projects/axiomatic-spark-375511/locations/us-central1/connectors/forth-vpc-cx",
            "ip_cidr_range": "10.8.0.0/28",
            "machine_type": "e2-micro",
            "max_instances": 3,
            "max_throughput": 300,
            "min_instances": 2,
            "min_throughput": 200,
            "name": "forth-vpc-cx",
            "network": "forth-private-network",
            "project": "axiomatic-spark-375511",
            "region": "us-central1",
            "self_link": "projects/axiomatic-spark-375511/locations/us-central1/connectors/forth-vpc-cx",
            "state": "READY",
            "subnet": [],
            "timeouts": null
          },
          "sensitive_attributes": [],
          "private": "eyJlMmJmYjczMC1lY2FhLTExZTYtOGY4OC0zNDM2M2JjN2M0YzAiOnsiY3JlYXRlIjoxMjAwMDAwMDAwMDAwLCJkZWxldGUiOjEyMDAwMDAwMDAwMDB9fQ==",
          "dependencies": [
            "google_compute_global_address.main",
            "google_compute_network.main",
            "google_project_service.all"
          ]
        }
      ]
    },
    {
      "mode": "managed",
      "type": "null_resource",
      "name": "cloudbuild_api",
      "provider": "provider[\"registry.terraform.io/hashicorp/null\"]",
      "instances": [
        {
          "schema_version": 0,
          "attributes": {
            "id": "9125466832155067518",
            "triggers": null
          },
          "sensitive_attributes": [],
          "dependencies": [
            "google_artifact_registry_repository.todo_app",
            "google_project_service.all",
            "google_secret_manager_secret_version.redishost",
            "google_secret_manager_secret_version.sqlhost"
          ]
        }
      ]
    },
    {
      "mode": "managed",
      "type": "null_resource",
      "name": "cloudbuild_fe",
      "provider": "provider[\"registry.terraform.io/hashicorp/null\"]",
      "instances": [
        {
          "schema_version": 0,
          "attributes": {
            "id": "8342905837408214292",
            "triggers": null
          },
          "sensitive_attributes": [],
          "dependencies": [
            "google_artifact_registry_repository.todo_app",
            "google_cloud_run_service.api",
            "google_project_service.all",
            "google_secret_manager_secret.redishost",
            "google_secret_manager_secret.sqlhost",
            "google_secret_manager_secret_version.redishost",
            "google_secret_manager_secret_version.sqlhost",
            "google_service_account.runsa",
            "google_sql_database_instance.main",
            "google_vpc_access_connector.main",
            "null_resource.cloudbuild_api"
          ]
        }
      ]
    },
    {
      "mode": "managed",
      "type": "random_id",
      "name": "id",
      "provider": "provider[\"registry.terraform.io/hashicorp/random\"]",
      "instances": [
        {
          "schema_version": 0,
          "attributes": {
            "b64_std": "stc=",
            "b64_url": "stc",
            "byte_length": 2,
            "dec": "45783",
            "hex": "b2d7",
            "id": "stc",
            "keepers": null,
            "prefix": null
          },
          "sensitive_attributes": []
        }
      ]
    }
  ],
  "check_results": null
}
